// !$*UTF8*$!
{
	archiveVersion = 1;
	classes = {
	};
	objectVersion = 50;
	objects = {

/* Begin PBXBuildFile section */
		37461EA4258E362300EA488E /* AppDelegate.swift in Sources */ = {isa = PBXBuildFile; fileRef = 37461EA3258E362300EA488E /* AppDelegate.swift */; };
		37461EA6258E362300EA488E /* SceneDelegate.swift in Sources */ = {isa = PBXBuildFile; fileRef = 37461EA5258E362300EA488E /* SceneDelegate.swift */; };
		37461EA8258E362300EA488E /* ViewController.swift in Sources */ = {isa = PBXBuildFile; fileRef = 37461EA7258E362300EA488E /* ViewController.swift */; };
		37461EAB258E362300EA488E /* Main.storyboard in Resources */ = {isa = PBXBuildFile; fileRef = 37461EA9258E362300EA488E /* Main.storyboard */; };
		37461EAD258E362600EA488E /* Assets.xcassets in Resources */ = {isa = PBXBuildFile; fileRef = 37461EAC258E362600EA488E /* Assets.xcassets */; };
		37461EB0258E362600EA488E /* LaunchScreen.storyboard in Resources */ = {isa = PBXBuildFile; fileRef = 37461EAE258E362600EA488E /* LaunchScreen.storyboard */; };
		37461EBA258E368700EA488E /* NextViewController.swift in Sources */ = {isa = PBXBuildFile; fileRef = 37461EB9258E368700EA488E /* NextViewController.swift */; };
/* End PBXBuildFile section */

/* Begin PBXFileReference section */
		37461EA0258E362300EA488E /* Swift5MapAndProtocol1.app */ = {isa = PBXFileReference; explicitFileType = wrapper.application; includeInIndex = 0; path = Swift5MapAndProtocol1.app; sourceTree = BUILT_PRODUCTS_DIR; };
		37461EA3258E362300EA488E /* AppDelegate.swift */ = {isa = PBXFileReference; lastKnownFileType = sourcecode.swift; path = AppDelegate.swift; sourceTree = "<group>"; };
		37461EA5258E362300EA488E /* SceneDelegate.swift */ = {isa = PBXFileReference; lastKnownFileType = sourcecode.swift; path = SceneDelegate.swift; sourceTree = "<group>"; };
		37461EA7258E362300EA488E /* ViewController.swift */ = {isa = PBXFileReference; lastKnownFileType = sourcecode.swift; path = ViewController.swift; sourceTree = "<group>"; };
		37461EAA258E362300EA488E /* Base */ = {isa = PBXFileReference; lastKnownFileType = file.storyboard; name = Base; path = Base.lproj/Main.storyboard; sourceTree = "<group>"; };
		37461EAC258E362600EA488E /* Assets.xcassets */ = {isa = PBXFileReference; lastKnownFileType = folder.assetcatalog; path = Assets.xcassets; sourceTree = "<group>"; };
		37461EAF258E362600EA488E /* Base */ = {isa = PBXFileReference; lastKnownFileType = file.storyboard; name = Base; path = Base.lproj/LaunchScreen.storyboard; sourceTree = "<group>"; };
		37461EB1258E362600EA488E /* Info.plist */ = {isa = PBXFileReference; lastKnownFileType = text.plist.xml; path = Info.plist; sourceTree = "<group>"; };
		37461EB9258E368700EA488E /* NextViewController.swift */ = {isa = PBXFileReference; lastKnownFileType = sourcecode.swift; path = NextViewController.swift; sourceTree = "<group>"; };
/* End PBXFileReference section */

/* Begin PBXFrameworksBuildPhase section */
		37461E9D258E362300EA488E /* Frameworks */ = {
			isa = PBXFrameworksBuildPhase;
			buildActionMask = 2147483647;
			files = (
			);
			runOnlyForDeploymentPostprocessing = 0;
		};
/* End PBXFrameworksBuildPhase section */

/* Begin PBXGroup section */
		37461E97258E362300EA488E = {
			isa = PBXGroup;
			children = (
				37461EA2258E362300EA488E /* Swift5MapAndProtocol1 */,
				37461EA1258E362300EA488E /* Products */,
			);
			sourceTree = "<group>";
		};
		37461EA1258E362300EA488E /* Products */ = {
			isa = PBXGroup;
			children = (
				37461EA0258E362300EA488E /* Swift5MapAndProtocol1.app */,
			);
			name = Products;
			sourceTree = "<group>";
		};
		37461EA2258E362300EA488E /* Swift5MapAndProtocol1 */ = {
			isa = PBXGroup;
			children = (
				37461EA3258E362300EA488E /* AppDelegate.swift */,
				37461EA5258E362300EA488E /* SceneDelegate.swift */,
				37461EA7258E362300EA488E /* ViewController.swift */,
				37461EB9258E368700EA488E /* NextViewController.swift */,
				37461EA9258E362300EA488E /* Main.storyboard */,
				37461EAC258E362600EA488E /* Assets.xcassets */,
				37461EAE258E362600EA488E /* LaunchScreen.storyboard */,
				37461EB1258E362600EA488E /* Info.plist */,
			);
			path = Swift5MapAndProtocol1;
			sourceTree = "<group>";
		};
/* End PBXGroup section */

/* Begin PBXNativeTarget section */
		37461E9F258E362300EA488E /* Swift5MapAndProtocol1 */ = {
			isa = PBXNativeTarget;
			buildConfigurationList = 37461EB4258E362600EA488E /* Build configuration list for PBXNativeTarget "Swift5MapAndProtocol1" */;
			buildPhases = (
				37461E9C258E362300EA488E /* Sources */,
				37461E9D258E362300EA488E /* Frameworks */,
				37461E9E258E362300EA488E /* Resources */,
			);
			buildRules = (
			);
			dependencies = (
			);
			name = Swift5MapAndProtocol1;
			productName = Swift5MapAndProtocol1;
			productReference = 37461EA0258E362300EA488E /* Swift5MapAndProtocol1.app */;
			productType = "com.apple.product-type.application";
		};
/* End PBXNativeTarget section */

/* Begin PBXProject section */
		37461E98258E362300EA488E /* Project object */ = {
			isa = PBXProject;
			attributes = {
				LastSwiftUpdateCheck = 1220;
				LastUpgradeCheck = 1220;
				TargetAttributes = {
					37461E9F258E362300EA488E = {
						CreatedOnToolsVersion = 12.2;
					};
				};
			};
			buildConfigurationList = 37461E9B258E362300EA488E /* Build configuration list for PBXProject "Swift5MapAndProtocol1" */;
			compatibilityVersion = "Xcode 9.3";
			developmentRegion = en;
			hasScannedForEncodings = 0;
			knownRegions = (
				en,
				Base,
			);
			mainGroup = 37461E97258E362300EA488E;
			productRefGroup = 37461EA1258E362300EA488E /* Products */;
			projectDirPath = "";
			projectRoot = "";
			targets = (
				37461E9F258E362300EA488E /* Swift5MapAndProtocol1 */,
			);
		};
/* End PBXProject section */

/* Begin PBXResourcesBuildPhase section */
		37461E9E258E362300EA488E /* Resources */ = {
			isa = PBXResourcesBuildPhase;
			buildActionMask = 2147483647;
			files = (
				37461EB0258E362600EA488E /* LaunchScreen.storyboard in Resources */,
				37461EAD258E362600EA488E /* Assets.xcassets in Resources */,
				37461EAB258E362300EA488E /* Main.storyboard in Resources */,
			);
			runOnlyForDeploymentPostprocessing = 0;
		};
/* End PBXResourcesBuildPhase section */

/* Begin PBXSourcesBuildPhase section */
		37461E9C258E362300EA488E /* Sources */ = {
			isa = PBXSourcesBuildPhase;
			buildActionMask = 2147483647;
			files = (
				37461EA8258E362300EA488E /* ViewController.swift in Sources */,
				37461EBA258E368700EA488E /* NextViewController.swift in Sources */,
				37461EA4258E362300EA488E /* AppDelegate.swift in Sources */,
				37461EA6258E362300EA488E /* SceneDelegate.swift in Sources */,
			);
			runOnlyForDeploymentPostprocessing = 0;
		};
/* End PBXSourcesBuildPhase section */

/* Begin PBXVariantGroup section */
		37461EA9258E362300EA488E /* Main.storyboard */ = {
			isa = PBXVariantGroup;
			children = (
				37461EAA258E362300EA488E /* Base */,
			);
			name = Main.storyboard;
			sourceTree = "<group>";
		};
		37461EAE258E362600EA488E /* LaunchScreen.storyboard */ = {
			isa = PBXVariantGroup;
			children = (
				37461EAF258E362600EA488E /* Base */,
			);
			name = LaunchScreen.storyboard;
			sourceTree = "<group>";
		};
/* End PBXVariantGroup section */

/* Begin XCBuildConfiguration section */
		37461EB2258E362600EA488E /* Debug */ = {
			isa = XCBuildConfiguration;
			buildSettings = {
				ALWAYS_SEARCH_USER_PATHS = NO;
				CLANG_ANALYZER_NONNULL = YES;
				CLANG_ANALYZER_NUMBER_OBJECT_CONVERSION = YES_AGGRESSIVE;
				CLANG_CXX_LANGUAGE_STANDARD = "gnu++14";
				CLANG_CXX_LIBRARY = "libc++";
				CLANG_ENABLE_MODULES = YES;
				CLANG_ENABLE_OBJC_ARC = YES;
				CLANG_ENABLE_OBJC_WEAK = YES;
				CLANG_WARN_BLOCK_CAPTURE_AUTORELEASING = YES;
				CLANG_WARN_BOOL_CONVERSION = YES;
				CLANG_WARN_COMMA = YES;
				CLANG_WARN_CONSTANT_CONVERSION = YES;
				CLANG_WARN_DEPRECATED_OBJC_IMPLEMENTATIONS = YES;
				CLANG_WARN_DIRECT_OBJC_ISA_USAGE = YES_ERROR;
				CLANG_WARN_DOCUMENTATION_COMMENTS = YES;
				CLANG_WARN_EMPTY_BODY = YES;
				CLANG_WARN_ENUM_CONVERSION = YES;
				CLANG_WARN_INFINITE_RECURSION = YES;
				CLANG_WARN_INT_CONVERSION = YES;
				CLANG_WARN_NON_LITERAL_NULL_CONVERSION = YES;
				CLANG_WARN_OBJC_IMPLICIT_RETAIN_SELF = YES;
				CLANG_WARN_OBJC_LITERAL_CONVERSION = YES;
				CLANG_WARN_OBJC_ROOT_CLASS = YES_ERROR;
				CLANG_WARN_QUOTED_INCLUDE_IN_FRAMEWORK_HEADER = YES;
				CLANG_WARN_RANGE_LOOP_ANALYSIS = YES;
				CLANG_WARN_STRICT_PROTOTYPES = YES;
				CLANG_WARN_SUSPICIOUS_MOVE = YES;
				CLANG_WARN_UNGUARDED_AVAILABILITY = YES_AGGRESSIVE;
				CLANG_WARN_UNREACHABLE_CODE = YES;
				CLANG_WARN__DUPLICATE_METHOD_MATCH = YES;
				COPY_PHASE_STRIP = NO;
				DEBUG_INFORMATION_FORMAT = dwarf;
				ENABLE_STRICT_OBJC_MSGSEND = YES;
				ENABLE_TESTABILITY = YES;
				GCC_C_LANGUAGE_STANDARD = gnu11;
				GCC_DYNAMIC_NO_PIC = NO;
				GCC_NO_COMMON_BLOCKS = YES;
				GCC_OPTIMIZATION_LEVEL = 0;
				GCC_PREPROCESSOR_DEFINITIONS = (
					"DEBUG=1",
					"$(inherited)",
				);
				GCC_WARN_64_TO_32_BIT_CONVERSION = YES;
				GCC_WARN_ABOUT_RETURN_TYPE = YES_ERROR;
				GCC_WARN_UNDECLARED_SELECTOR = YES;
				GCC_WARN_UNINITIALIZED_AUTOS = YES_AGGRESSIVE;
				GCC_WARN_UNUSED_FUNCTION = YES;
				GCC_WARN_UNUSED_VARIABLE = YES;
				IPHONEOS_DEPLOYMENT_TARGET = 14.2;
				MTL_ENABLE_DEBUG_INFO = INCLUDE_SOURCE;
				MTL_FAST_MATH = YES;
				ONLY_ACTIVE_ARCH = YES;
				SDKROOT = iphoneos;
				SWIFT_ACTIVE_COMPILATION_CONDITIONS = DEBUG;
				SWIFT_OPTIMIZATION_LEVEL = "-Onone";
			};
			name = Debug;
		};
		37461EB3258E362600EA488E /* Release */ = {
			isa = XCBuildConfiguration;
			buildSettings = {
				ALWAYS_SEARCH_USER_PATHS = NO;
				CLANG_ANALYZER_NONNULL = YES;
				CLANG_ANALYZER_NUMBER_OBJECT_CONVERSION = YES_AGGRESSIVE;
				CLANG_CXX_LANGUAGE_STANDARD = "gnu++14";
				CLANG_CXX_LIBRARY = "libc++";
				CLANG_ENABLE_MODULES = YES;
				CLANG_ENABLE_OBJC_ARC = YES;
				CLANG_ENABLE_OBJC_WEAK = YES;
				CLANG_WARN_BLOCK_CAPTURE_AUTORELEASING = YES;
				CLANG_WARN_BOOL_CONVERSION = YES;
				CLANG_WARN_COMMA = YES;
				CLANG_WARN_CONSTANT_CONVERSION = YES;
				CLANG_WARN_DEPRECATED_OBJC_IMPLEMENTATIONS = YES;
				CLANG_WARN_DIRECT_OBJC_ISA_USAGE = YES_ERROR;
				CLANG_WARN_DOCUMENTATION_COMMENTS = YES;
				CLANG_WARN_EMPTY_BODY = YES;
				CLANG_WARN_ENUM_CONVERSION = YES;
				CLANG_WARN_INFINITE_RECURSION = YES;
				CLANG_WARN_INT_CONVERSION = YES;
				CLANG_WARN_NON_LITERAL_NULL_CONVERSION = YES;
				CLANG_WARN_OBJC_IMPLICIT_RETAIN_SELF = YES;
				CLANG_WARN_OBJC_LITERAL_CONVERSION = YES;
				CLANG_WARN_OBJC_ROOT_CLASS = YES_ERROR;
				CLANG_WARN_QUOTED_INCLUDE_IN_FRAMEWORK_HEADER = YES;
				CLANG_WARN_RANGE_LOOP_ANALYSIS = YES;
				CLANG_WARN_STRICT_PROTOTYPES = YES;
				CLANG_WARN_SUSPICIOUS_MOVE = YES;
				CLANG_WARN_UNGUARDED_AVAILABILITY = YES_AGGRESSIVE;
				CLANG_WARN_UNREACHABLE_CODE = YES;
				CLANG_WARN__DUPLICATE_METHOD_MATCH = YES;
				COPY_PHASE_STRIP = NO;
				DEBUG_INFORMATION_FORMAT = "dwarf-with-dsym";
				ENABLE_NS_ASSERTIONS = NO;
				ENABLE_STRICT_OBJC_MSGSEND = YES;
				GCC_C_LANGUAGE_STANDARD = gnu11;
				GCC_NO_COMMON_BLOCKS = YES;
				GCC_WARN_64_TO_32_BIT_CONVERSION = YES;
				GCC_WARN_ABOUT_RETURN_TYPE = YES_ERROR;
				GCC_WARN_UNDECLARED_SELECTOR = YES;
				GCC_WARN_UNINITIALIZED_AUTOS = YES_AGGRESSIVE;
				GCC_WARN_UNUSED_FUNCTION = YES;
				GCC_WARN_UNUSED_VARIABLE = YES;
				IPHONEOS_DEPLOYMENT_TARGET = 14.2;
				MTL_ENABLE_DEBUG_INFO = NO;
				MTL_FAST_MATH = YES;
				SDKROOT = iphoneos;
				SWIFT_COMPILATION_MODE = wholemodule;
				SWIFT_OPTIMIZATION_LEVEL = "-O";
				VALIDATE_PRODUCT = YES;
			};
			name = Release;
		};
		37461EB5258E362600EA488E /* Debug */ = {
			isa = XCBuildConfiguration;
			buildSettings = {
				ASSETCATALOG_COMPILER_APPICON_NAME = AppIcon;
				ASSETCATALOG_COMPILER_GLOBAL_ACCENT_COLOR_NAME = AccentColor;
				CODE_SIGN_STYLE = Automatic;
				DEVELOPMENT_TEAM = 3HASWT22U3;
				INFOPLIST_FILE = Swift5MapAndProtocol1/Info.plist;
				LD_RUNPATH_SEARCH_PATHS = (
					"$(inherited)",
					"@executable_path/Frameworks",
				);
				PRODUCT_BUNDLE_IDENTIFIER = com.12321klj.Swift5MapAndProtocol1;
				PRODUCT_NAME = "$(TARGET_NAME)";
				SWIFT_VERSION = 5.0;
				TARGETED_DEVICE_FAMILY = 1;
			};
			name = Debug;
		};
		37461EB6258E362600EA488E /* Release */ = {
			isa = XCBuildConfiguration;
			buildSettings = {
				ASSETCATALOG_COMPILER_APPICON_NAME = AppIcon;
				ASSETCATALOG_COMPILER_GLOBAL_ACCENT_COLOR_NAME = AccentColor;
				CODE_SIGN_STYLE = Automatic;
				DEVELOPMENT_TEAM = 3HASWT22U3;
				INFOPLIST_FILE = Swift5MapAndProtocol1/Info.plist;
				LD_RUNPATH_SEARCH_PATHS = (
					"$(inherited)",
					"@executable_path/Frameworks",
				);
				PRODUCT_BUNDLE_IDENTIFIER = com.12321klj.Swift5MapAndProtocol1;
				PRODUCT_NAME = "$(TARGET_NAME)";
				SWIFT_VERSION = 5.0;
				TARGETED_DEVICE_FAMILY = 1;
			};
			name = Release;
		};
/* End XCBuildConfiguration section */

/* Begin XCConfigurationList section */
		37461E9B258E362300EA488E /* Build configuration list for PBXProject "Swift5MapAndProtocol1" */ = {
			isa = XCConfigurationList;
			buildConfigurations = (
				37461EB2258E362600EA488E /* Debug */,
				37461EB3258E362600EA488E /* Release */,
			);
			defaultConfigurationIsVisible = 0;
			defaultConfigurationName = Release;
		};
		37461EB4258E362600EA488E /* Build configuration list for PBXNativeTarget "Swift5MapAndProtocol1" */ = {
			isa = XCConfigurationList;
			buildConfigurations = (
				37461EB5258E362600EA488E /* Debug */,
				37461EB6258E362600EA488E /* Release */,
			);
			defaultConfigurationIsVisible = 0;
			defaultConfigurationName = Release;
		};
/* End XCConfigurationList section */
	};
	rootObject = 37461E98258E362300EA488E /* Project object */;
}
